// !$*UTF8*$!
{
	archiveVersion = 1;
	classes = {
	};
	objectVersion = 46;
	objects = {

/* Begin PBXBuildFile section */
		9B29E86C15F4AA3900D62EA9 /* AreaNib.m in Sources */ = {isa = PBXBuildFile; fileRef = 9B29E86B15F4AA3900D62EA9 /* AreaNib.m */; };
		9B29E87715F4AF2D00D62EA9 /* AreaTableCell.m in Sources */ = {isa = PBXBuildFile; fileRef = 9B29E87615F4AF2D00D62EA9 /* AreaTableCell.m */; };
		9B29E89B15F4B4EE00D62EA9 /* CFNetwork.framework in Frameworks */ = {isa = PBXBuildFile; fileRef = 9B29E89A15F4B4EE00D62EA9 /* CFNetwork.framework */; };
		9B29E89D15F4B4FC00D62EA9 /* SystemConfiguration.framework in Frameworks */ = {isa = PBXBuildFile; fileRef = 9B29E89C15F4B4FC00D62EA9 /* SystemConfiguration.framework */; };
		9B29E89F15F4B50300D62EA9 /* MobileCoreServices.framework in Frameworks */ = {isa = PBXBuildFile; fileRef = 9B29E89E15F4B50300D62EA9 /* MobileCoreServices.framework */; };
		9B29E8A115F4B52700D62EA9 /* libz.dylib in Frameworks */ = {isa = PBXBuildFile; fileRef = 9B29E8A015F4B52700D62EA9 /* libz.dylib */; };
		9B29E8CA15F4B9D300D62EA9 /* NSData+Base64.m in Sources */ = {isa = PBXBuildFile; fileRef = 9B29E8B815F4B9D300D62EA9 /* NSData+Base64.m */; };
		9B29E8CB15F4B9D300D62EA9 /* NSDate+RFC1123.m in Sources */ = {isa = PBXBuildFile; fileRef = 9B29E8BA15F4B9D300D62EA9 /* NSDate+RFC1123.m */; };
		9B29E8CC15F4B9D300D62EA9 /* NSDictionary+RequestEncoding.m in Sources */ = {isa = PBXBuildFile; fileRef = 9B29E8BC15F4B9D300D62EA9 /* NSDictionary+RequestEncoding.m */; };
		9B29E8CD15F4B9D300D62EA9 /* NSString+MKNetworkKitAdditions.m in Sources */ = {isa = PBXBuildFile; fileRef = 9B29E8BE15F4B9D300D62EA9 /* NSString+MKNetworkKitAdditions.m */; };
		9B29E8CE15F4B9D300D62EA9 /* UIAlertView+MKNetworkKitAdditions.m in Sources */ = {isa = PBXBuildFile; fileRef = 9B29E8C015F4B9D300D62EA9 /* UIAlertView+MKNetworkKitAdditions.m */; };
		9B29E8CF15F4B9D300D62EA9 /* MKNetworkEngine.m in Sources */ = {isa = PBXBuildFile; fileRef = 9B29E8C215F4B9D300D62EA9 /* MKNetworkEngine.m */; };
		9B29E8D015F4B9D300D62EA9 /* MKNetworkOperation.m in Sources */ = {isa = PBXBuildFile; fileRef = 9B29E8C515F4B9D300D62EA9 /* MKNetworkOperation.m */; };
		9B29E8D115F4B9D300D62EA9 /* Reachability.m in Sources */ = {isa = PBXBuildFile; fileRef = 9B29E8C815F4B9D300D62EA9 /* Reachability.m */; };
		9B3D87FB15F01545003441DA /* 06-magnify.png in Resources */ = {isa = PBXBuildFile; fileRef = 9B3D87FA15F01545003441DA /* 06-magnify.png */; };
		9B3D87FE15F0165A003441DA /* 85-trophy.png in Resources */ = {isa = PBXBuildFile; fileRef = 9B3D87FD15F0165A003441DA /* 85-trophy.png */; };
		9B3D880015F01672003441DA /* 83-calendar.png in Resources */ = {isa = PBXBuildFile; fileRef = 9B3D87FF15F01672003441DA /* 83-calendar.png */; };
		9B3D880215F0168E003441DA /* 74-location.png in Resources */ = {isa = PBXBuildFile; fileRef = 9B3D880115F0168E003441DA /* 74-location.png */; };
		9B3D880515F016BF003441DA /* LocationNib.m in Sources */ = {isa = PBXBuildFile; fileRef = 9B3D880415F016BF003441DA /* LocationNib.m */; };
		9B3D880715F02587003441DA /* MapKit.framework in Frameworks */ = {isa = PBXBuildFile; fileRef = 9B3D880615F02587003441DA /* MapKit.framework */; };
		9B61053F15EE58DA00192E0A /* UIKit.framework in Frameworks */ = {isa = PBXBuildFile; fileRef = 9B61053E15EE58DA00192E0A /* UIKit.framework */; };
		9B61054115EE58DA00192E0A /* Foundation.framework in Frameworks */ = {isa = PBXBuildFile; fileRef = 9B61054015EE58DA00192E0A /* Foundation.framework */; };
		9B61054315EE58DA00192E0A /* CoreGraphics.framework in Frameworks */ = {isa = PBXBuildFile; fileRef = 9B61054215EE58DA00192E0A /* CoreGraphics.framework */; };
		9B61054915EE58DA00192E0A /* InfoPlist.strings in Resources */ = {isa = PBXBuildFile; fileRef = 9B61054715EE58DA00192E0A /* InfoPlist.strings */; };
		9B61054B15EE58DA00192E0A /* main.m in Sources */ = {isa = PBXBuildFile; fileRef = 9B61054A15EE58DA00192E0A /* main.m */; };
		9B61054F15EE58DA00192E0A /* AppDelegate.m in Sources */ = {isa = PBXBuildFile; fileRef = 9B61054E15EE58DA00192E0A /* AppDelegate.m */; };
		9B61055215EE58DB00192E0A /* MainStoryboard_iPhone.storyboard in Resources */ = {isa = PBXBuildFile; fileRef = 9B61055015EE58DB00192E0A /* MainStoryboard_iPhone.storyboard */; };
		9B61055515EE58DB00192E0A /* MainStoryboard_iPad.storyboard in Resources */ = {isa = PBXBuildFile; fileRef = 9B61055315EE58DB00192E0A /* MainStoryboard_iPad.storyboard */; };
		9B61055815EE58DB00192E0A /* FirstViewController.m in Sources */ = {isa = PBXBuildFile; fileRef = 9B61055715EE58DB00192E0A /* FirstViewController.m */; };
		9B61055A15EE58DB00192E0A /* first.png in Resources */ = {isa = PBXBuildFile; fileRef = 9B61055915EE58DB00192E0A /* first.png */; };
		9B61055C15EE58DB00192E0A /* first@2x.png in Resources */ = {isa = PBXBuildFile; fileRef = 9B61055B15EE58DB00192E0A /* first@2x.png */; };
		9B61055F15EE58DB00192E0A /* SecondViewController.m in Sources */ = {isa = PBXBuildFile; fileRef = 9B61055E15EE58DB00192E0A /* SecondViewController.m */; };
		9B61056115EE58DB00192E0A /* second.png in Resources */ = {isa = PBXBuildFile; fileRef = 9B61056015EE58DB00192E0A /* second.png */; };
		9B61056315EE58DB00192E0A /* second@2x.png in Resources */ = {isa = PBXBuildFile; fileRef = 9B61056215EE58DB00192E0A /* second@2x.png */; };
		9B61056B15EE58DB00192E0A /* SenTestingKit.framework in Frameworks */ = {isa = PBXBuildFile; fileRef = 9B61056A15EE58DB00192E0A /* SenTestingKit.framework */; };
		9B61056C15EE58DB00192E0A /* UIKit.framework in Frameworks */ = {isa = PBXBuildFile; fileRef = 9B61053E15EE58DA00192E0A /* UIKit.framework */; };
		9B61056D15EE58DB00192E0A /* Foundation.framework in Frameworks */ = {isa = PBXBuildFile; fileRef = 9B61054015EE58DA00192E0A /* Foundation.framework */; };
		9B61057515EE58DB00192E0A /* InfoPlist.strings in Resources */ = {isa = PBXBuildFile; fileRef = 9B61057315EE58DB00192E0A /* InfoPlist.strings */; };
		9B61057815EE58DB00192E0A /* VenturaCountyLifeTests.m in Sources */ = {isa = PBXBuildFile; fileRef = 9B61057715EE58DB00192E0A /* VenturaCountyLifeTests.m */; };
		9B61058415EE5D8E00192E0A /* FeaturedNib.m in Sources */ = {isa = PBXBuildFile; fileRef = 9B61058215EE5D8E00192E0A /* FeaturedNib.m */; };
		9B86FD2515F6B85B00D936D1 /* Security.framework in Frameworks */ = {isa = PBXBuildFile; fileRef = 9B86FD2415F6B85B00D936D1 /* Security.framework */; };
		9B86FD4915F6C5D600D936D1 /* QuartzCore.framework in Frameworks */ = {isa = PBXBuildFile; fileRef = 9B86FD4815F6C5D600D936D1 /* QuartzCore.framework */; };
		9BD30B9715FD62E800774E41 /* NSObject+SBJson.m in Sources */ = {isa = PBXBuildFile; fileRef = 9BD30B7F15FD62E800774E41 /* NSObject+SBJson.m */; };
		9BD30B9815FD62E800774E41 /* SBJsonParser.m in Sources */ = {isa = PBXBuildFile; fileRef = 9BD30B8215FD62E800774E41 /* SBJsonParser.m */; };
		9BD30B9915FD62E800774E41 /* SBJsonStreamParser.m in Sources */ = {isa = PBXBuildFile; fileRef = 9BD30B8415FD62E800774E41 /* SBJsonStreamParser.m */; };
		9BD30B9A15FD62E800774E41 /* SBJsonStreamParserAccumulator.m in Sources */ = {isa = PBXBuildFile; fileRef = 9BD30B8615FD62E800774E41 /* SBJsonStreamParserAccumulator.m */; };
		9BD30B9B15FD62E800774E41 /* SBJsonStreamParserAdapter.m in Sources */ = {isa = PBXBuildFile; fileRef = 9BD30B8815FD62E800774E41 /* SBJsonStreamParserAdapter.m */; };
		9BD30B9C15FD62E800774E41 /* SBJsonStreamParserState.m in Sources */ = {isa = PBXBuildFile; fileRef = 9BD30B8A15FD62E800774E41 /* SBJsonStreamParserState.m */; };
		9BD30B9D15FD62E800774E41 /* SBJsonStreamWriter.m in Sources */ = {isa = PBXBuildFile; fileRef = 9BD30B8C15FD62E800774E41 /* SBJsonStreamWriter.m */; };
		9BD30B9E15FD62E800774E41 /* SBJsonStreamWriterAccumulator.m in Sources */ = {isa = PBXBuildFile; fileRef = 9BD30B8E15FD62E800774E41 /* SBJsonStreamWriterAccumulator.m */; };
		9BD30B9F15FD62E800774E41 /* SBJsonStreamWriterState.m in Sources */ = {isa = PBXBuildFile; fileRef = 9BD30B9015FD62E800774E41 /* SBJsonStreamWriterState.m */; };
		9BD30BA015FD62E800774E41 /* SBJsonTokeniser.m in Sources */ = {isa = PBXBuildFile; fileRef = 9BD30B9215FD62E800774E41 /* SBJsonTokeniser.m */; };
		9BD30BA115FD62E800774E41 /* SBJsonUTF8Stream.m in Sources */ = {isa = PBXBuildFile; fileRef = 9BD30B9415FD62E800774E41 /* SBJsonUTF8Stream.m */; };
		9BD30BA215FD62E800774E41 /* SBJsonWriter.m in Sources */ = {isa = PBXBuildFile; fileRef = 9BD30B9615FD62E800774E41 /* SBJsonWriter.m */; };
		9BD30BA915FE5E8C00774E41 /* DetailViewController.m in Sources */ = {isa = PBXBuildFile; fileRef = 9BD30BA815FE5E8C00774E41 /* DetailViewController.m */; };
/* End PBXBuildFile section */

/* Begin PBXContainerItemProxy section */
		9B61056E15EE58DB00192E0A /* PBXContainerItemProxy */ = {
			isa = PBXContainerItemProxy;
			containerPortal = 9B61053115EE58DA00192E0A /* Project object */;
			proxyType = 1;
			remoteGlobalIDString = 9B61053915EE58DA00192E0A;
			remoteInfo = VenturaCountyLife;
		};
/* End PBXContainerItemProxy section */

/* Begin PBXFileReference section */
		9B29E86A15F4AA3900D62EA9 /* AreaNib.h */ = {isa = PBXFileReference; fileEncoding = 4; lastKnownFileType = sourcecode.c.h; path = AreaNib.h; sourceTree = "<group>"; };
		9B29E86B15F4AA3900D62EA9 /* AreaNib.m */ = {isa = PBXFileReference; fileEncoding = 4; lastKnownFileType = sourcecode.c.objc; path = AreaNib.m; sourceTree = "<group>"; };
		9B29E87515F4AF2D00D62EA9 /* AreaTableCell.h */ = {isa = PBXFileReference; fileEncoding = 4; lastKnownFileType = sourcecode.c.h; path = AreaTableCell.h; sourceTree = "<group>"; };
		9B29E87615F4AF2D00D62EA9 /* AreaTableCell.m */ = {isa = PBXFileReference; fileEncoding = 4; lastKnownFileType = sourcecode.c.objc; path = AreaTableCell.m; sourceTree = "<group>"; };
		9B29E89A15F4B4EE00D62EA9 /* CFNetwork.framework */ = {isa = PBXFileReference; lastKnownFileType = wrapper.framework; name = CFNetwork.framework; path = System/Library/Frameworks/CFNetwork.framework; sourceTree = SDKROOT; };
		9B29E89C15F4B4FC00D62EA9 /* SystemConfiguration.framework */ = {isa = PBXFileReference; lastKnownFileType = wrapper.framework; name = SystemConfiguration.framework; path = System/Library/Frameworks/SystemConfiguration.framework; sourceTree = SDKROOT; };
		9B29E89E15F4B50300D62EA9 /* MobileCoreServices.framework */ = {isa = PBXFileReference; lastKnownFileType = wrapper.framework; name = MobileCoreServices.framework; path = System/Library/Frameworks/MobileCoreServices.framework; sourceTree = SDKROOT; };
		9B29E8A015F4B52700D62EA9 /* libz.dylib */ = {isa = PBXFileReference; lastKnownFileType = "compiled.mach-o.dylib"; name = libz.dylib; path = usr/lib/libz.dylib; sourceTree = SDKROOT; };
		9B29E8B715F4B9D300D62EA9 /* NSData+Base64.h */ = {isa = PBXFileReference; fileEncoding = 4; lastKnownFileType = sourcecode.c.h; path = "NSData+Base64.h"; sourceTree = "<group>"; };
		9B29E8B815F4B9D300D62EA9 /* NSData+Base64.m */ = {isa = PBXFileReference; fileEncoding = 4; lastKnownFileType = sourcecode.c.objc; path = "NSData+Base64.m"; sourceTree = "<group>"; };
		9B29E8B915F4B9D300D62EA9 /* NSDate+RFC1123.h */ = {isa = PBXFileReference; fileEncoding = 4; lastKnownFileType = sourcecode.c.h; path = "NSDate+RFC1123.h"; sourceTree = "<group>"; };
		9B29E8BA15F4B9D300D62EA9 /* NSDate+RFC1123.m */ = {isa = PBXFileReference; fileEncoding = 4; lastKnownFileType = sourcecode.c.objc; path = "NSDate+RFC1123.m"; sourceTree = "<group>"; };
		9B29E8BB15F4B9D300D62EA9 /* NSDictionary+RequestEncoding.h */ = {isa = PBXFileReference; fileEncoding = 4; lastKnownFileType = sourcecode.c.h; path = "NSDictionary+RequestEncoding.h"; sourceTree = "<group>"; };
		9B29E8BC15F4B9D300D62EA9 /* NSDictionary+RequestEncoding.m */ = {isa = PBXFileReference; fileEncoding = 4; lastKnownFileType = sourcecode.c.objc; path = "NSDictionary+RequestEncoding.m"; sourceTree = "<group>"; };
		9B29E8BD15F4B9D300D62EA9 /* NSString+MKNetworkKitAdditions.h */ = {isa = PBXFileReference; fileEncoding = 4; lastKnownFileType = sourcecode.c.h; path = "NSString+MKNetworkKitAdditions.h"; sourceTree = "<group>"; };
		9B29E8BE15F4B9D300D62EA9 /* NSString+MKNetworkKitAdditions.m */ = {isa = PBXFileReference; fileEncoding = 4; lastKnownFileType = sourcecode.c.objc; path = "NSString+MKNetworkKitAdditions.m"; sourceTree = "<group>"; };
		9B29E8BF15F4B9D300D62EA9 /* UIAlertView+MKNetworkKitAdditions.h */ = {isa = PBXFileReference; fileEncoding = 4; lastKnownFileType = sourcecode.c.h; path = "UIAlertView+MKNetworkKitAdditions.h"; sourceTree = "<group>"; };
		9B29E8C015F4B9D300D62EA9 /* UIAlertView+MKNetworkKitAdditions.m */ = {isa = PBXFileReference; fileEncoding = 4; lastKnownFileType = sourcecode.c.objc; path = "UIAlertView+MKNetworkKitAdditions.m"; sourceTree = "<group>"; };
		9B29E8C115F4B9D300D62EA9 /* MKNetworkEngine.h */ = {isa = PBXFileReference; fileEncoding = 4; lastKnownFileType = sourcecode.c.h; path = MKNetworkEngine.h; sourceTree = "<group>"; };
		9B29E8C215F4B9D300D62EA9 /* MKNetworkEngine.m */ = {isa = PBXFileReference; fileEncoding = 4; lastKnownFileType = sourcecode.c.objc; path = MKNetworkEngine.m; sourceTree = "<group>"; };
		9B29E8C315F4B9D300D62EA9 /* MKNetworkKit.h */ = {isa = PBXFileReference; fileEncoding = 4; lastKnownFileType = sourcecode.c.h; path = MKNetworkKit.h; sourceTree = "<group>"; };
		9B29E8C415F4B9D300D62EA9 /* MKNetworkOperation.h */ = {isa = PBXFileReference; fileEncoding = 4; lastKnownFileType = sourcecode.c.h; path = MKNetworkOperation.h; sourceTree = "<group>"; };
		9B29E8C515F4B9D300D62EA9 /* MKNetworkOperation.m */ = {isa = PBXFileReference; fileEncoding = 4; lastKnownFileType = sourcecode.c.objc; path = MKNetworkOperation.m; sourceTree = "<group>"; };
		9B29E8C715F4B9D300D62EA9 /* Reachability.h */ = {isa = PBXFileReference; fileEncoding = 4; lastKnownFileType = sourcecode.c.h; path = Reachability.h; sourceTree = "<group>"; };
		9B29E8C815F4B9D300D62EA9 /* Reachability.m */ = {isa = PBXFileReference; fileEncoding = 4; lastKnownFileType = sourcecode.c.objc; path = Reachability.m; sourceTree = "<group>"; };
		9B3D87FA15F01545003441DA /* 06-magnify.png */ = {isa = PBXFileReference; lastKnownFileType = image.png; path = "06-magnify.png"; sourceTree = "<group>"; };
		9B3D87FD15F0165A003441DA /* 85-trophy.png */ = {isa = PBXFileReference; lastKnownFileType = image.png; path = "85-trophy.png"; sourceTree = "<group>"; };
		9B3D87FF15F01672003441DA /* 83-calendar.png */ = {isa = PBXFileReference; lastKnownFileType = image.png; path = "83-calendar.png"; sourceTree = "<group>"; };
		9B3D880115F0168E003441DA /* 74-location.png */ = {isa = PBXFileReference; lastKnownFileType = image.png; path = "74-location.png"; sourceTree = "<group>"; };
		9B3D880315F016BF003441DA /* LocationNib.h */ = {isa = PBXFileReference; fileEncoding = 4; lastKnownFileType = sourcecode.c.h; path = LocationNib.h; sourceTree = "<group>"; };
		9B3D880415F016BF003441DA /* LocationNib.m */ = {isa = PBXFileReference; fileEncoding = 4; lastKnownFileType = sourcecode.c.objc; path = LocationNib.m; sourceTree = "<group>"; };
		9B3D880615F02587003441DA /* MapKit.framework */ = {isa = PBXFileReference; lastKnownFileType = wrapper.framework; name = MapKit.framework; path = System/Library/Frameworks/MapKit.framework; sourceTree = SDKROOT; };
		9B61053A15EE58DA00192E0A /* VenturaCountyLife.app */ = {isa = PBXFileReference; explicitFileType = wrapper.application; includeInIndex = 0; path = VenturaCountyLife.app; sourceTree = BUILT_PRODUCTS_DIR; };
		9B61053E15EE58DA00192E0A /* UIKit.framework */ = {isa = PBXFileReference; lastKnownFileType = wrapper.framework; name = UIKit.framework; path = System/Library/Frameworks/UIKit.framework; sourceTree = SDKROOT; };
		9B61054015EE58DA00192E0A /* Foundation.framework */ = {isa = PBXFileReference; lastKnownFileType = wrapper.framework; name = Foundation.framework; path = System/Library/Frameworks/Foundation.framework; sourceTree = SDKROOT; };
		9B61054215EE58DA00192E0A /* CoreGraphics.framework */ = {isa = PBXFileReference; lastKnownFileType = wrapper.framework; name = CoreGraphics.framework; path = System/Library/Frameworks/CoreGraphics.framework; sourceTree = SDKROOT; };
		9B61054615EE58DA00192E0A /* VenturaCountyLife-Info.plist */ = {isa = PBXFileReference; lastKnownFileType = text.plist.xml; path = "VenturaCountyLife-Info.plist"; sourceTree = "<group>"; };
		9B61054815EE58DA00192E0A /* en */ = {isa = PBXFileReference; lastKnownFileType = text.plist.strings; name = en; path = en.lproj/InfoPlist.strings; sourceTree = "<group>"; };
		9B61054A15EE58DA00192E0A /* main.m */ = {isa = PBXFileReference; lastKnownFileType = sourcecode.c.objc; path = main.m; sourceTree = "<group>"; };
		9B61054C15EE58DA00192E0A /* VenturaCountyLife-Prefix.pch */ = {isa = PBXFileReference; lastKnownFileType = sourcecode.c.h; path = "VenturaCountyLife-Prefix.pch"; sourceTree = "<group>"; };
		9B61054D15EE58DA00192E0A /* AppDelegate.h */ = {isa = PBXFileReference; lastKnownFileType = sourcecode.c.h; path = AppDelegate.h; sourceTree = "<group>"; };
		9B61054E15EE58DA00192E0A /* AppDelegate.m */ = {isa = PBXFileReference; lastKnownFileType = sourcecode.c.objc; path = AppDelegate.m; sourceTree = "<group>"; };
		9B61055115EE58DB00192E0A /* en */ = {isa = PBXFileReference; lastKnownFileType = file.storyboard; name = en; path = en.lproj/MainStoryboard_iPhone.storyboard; sourceTree = "<group>"; };
		9B61055415EE58DB00192E0A /* en */ = {isa = PBXFileReference; lastKnownFileType = file.storyboard; name = en; path = en.lproj/MainStoryboard_iPad.storyboard; sourceTree = "<group>"; };
		9B61055615EE58DB00192E0A /* FirstViewController.h */ = {isa = PBXFileReference; lastKnownFileType = sourcecode.c.h; path = FirstViewController.h; sourceTree = "<group>"; };
		9B61055715EE58DB00192E0A /* FirstViewController.m */ = {isa = PBXFileReference; lastKnownFileType = sourcecode.c.objc; path = FirstViewController.m; sourceTree = "<group>"; };
		9B61055915EE58DB00192E0A /* first.png */ = {isa = PBXFileReference; lastKnownFileType = image.png; path = first.png; sourceTree = "<group>"; };
		9B61055B15EE58DB00192E0A /* first@2x.png */ = {isa = PBXFileReference; lastKnownFileType = image.png; path = "first@2x.png"; sourceTree = "<group>"; };
		9B61055D15EE58DB00192E0A /* SecondViewController.h */ = {isa = PBXFileReference; lastKnownFileType = sourcecode.c.h; path = SecondViewController.h; sourceTree = "<group>"; };
		9B61055E15EE58DB00192E0A /* SecondViewController.m */ = {isa = PBXFileReference; lastKnownFileType = sourcecode.c.objc; path = SecondViewController.m; sourceTree = "<group>"; };
		9B61056015EE58DB00192E0A /* second.png */ = {isa = PBXFileReference; lastKnownFileType = image.png; path = second.png; sourceTree = "<group>"; };
		9B61056215EE58DB00192E0A /* second@2x.png */ = {isa = PBXFileReference; lastKnownFileType = image.png; path = "second@2x.png"; sourceTree = "<group>"; };
		9B61056915EE58DB00192E0A /* VenturaCountyLifeTests.octest */ = {isa = PBXFileReference; explicitFileType = wrapper.cfbundle; includeInIndex = 0; path = VenturaCountyLifeTests.octest; sourceTree = BUILT_PRODUCTS_DIR; };
		9B61056A15EE58DB00192E0A /* SenTestingKit.framework */ = {isa = PBXFileReference; lastKnownFileType = wrapper.framework; name = SenTestingKit.framework; path = Library/Frameworks/SenTestingKit.framework; sourceTree = DEVELOPER_DIR; };
		9B61057215EE58DB00192E0A /* VenturaCountyLifeTests-Info.plist */ = {isa = PBXFileReference; lastKnownFileType = text.plist.xml; path = "VenturaCountyLifeTests-Info.plist"; sourceTree = "<group>"; };
		9B61057415EE58DB00192E0A /* en */ = {isa = PBXFileReference; lastKnownFileType = text.plist.strings; name = en; path = en.lproj/InfoPlist.strings; sourceTree = "<group>"; };
		9B61057615EE58DB00192E0A /* VenturaCountyLifeTests.h */ = {isa = PBXFileReference; lastKnownFileType = sourcecode.c.h; path = VenturaCountyLifeTests.h; sourceTree = "<group>"; };
		9B61057715EE58DB00192E0A /* VenturaCountyLifeTests.m */ = {isa = PBXFileReference; lastKnownFileType = sourcecode.c.objc; path = VenturaCountyLifeTests.m; sourceTree = "<group>"; };
		9B61058115EE5D8E00192E0A /* FeaturedNib.h */ = {isa = PBXFileReference; fileEncoding = 4; lastKnownFileType = sourcecode.c.h; path = FeaturedNib.h; sourceTree = "<group>"; };
		9B61058215EE5D8E00192E0A /* FeaturedNib.m */ = {isa = PBXFileReference; fileEncoding = 4; lastKnownFileType = sourcecode.c.objc; path = FeaturedNib.m; sourceTree = "<group>"; };
		9B86FD2415F6B85B00D936D1 /* Security.framework */ = {isa = PBXFileReference; lastKnownFileType = wrapper.framework; name = Security.framework; path = System/Library/Frameworks/Security.framework; sourceTree = SDKROOT; };
		9B86FD4815F6C5D600D936D1 /* QuartzCore.framework */ = {isa = PBXFileReference; lastKnownFileType = wrapper.framework; name = QuartzCore.framework; path = System/Library/Frameworks/QuartzCore.framework; sourceTree = SDKROOT; };
		9BD30B7E15FD62E800774E41 /* NSObject+SBJson.h */ = {isa = PBXFileReference; fileEncoding = 4; lastKnownFileType = sourcecode.c.h; path = "NSObject+SBJson.h"; sourceTree = "<group>"; };
		9BD30B7F15FD62E800774E41 /* NSObject+SBJson.m */ = {isa = PBXFileReference; fileEncoding = 4; lastKnownFileType = sourcecode.c.objc; path = "NSObject+SBJson.m"; sourceTree = "<group>"; };
		9BD30B8015FD62E800774E41 /* SBJson.h */ = {isa = PBXFileReference; fileEncoding = 4; lastKnownFileType = sourcecode.c.h; path = SBJson.h; sourceTree = "<group>"; };
		9BD30B8115FD62E800774E41 /* SBJsonParser.h */ = {isa = PBXFileReference; fileEncoding = 4; lastKnownFileType = sourcecode.c.h; path = SBJsonParser.h; sourceTree = "<group>"; };
		9BD30B8215FD62E800774E41 /* SBJsonParser.m */ = {isa = PBXFileReference; fileEncoding = 4; lastKnownFileType = sourcecode.c.objc; path = SBJsonParser.m; sourceTree = "<group>"; };
		9BD30B8315FD62E800774E41 /* SBJsonStreamParser.h */ = {isa = PBXFileReference; fileEncoding = 4; lastKnownFileType = sourcecode.c.h; path = SBJsonStreamParser.h; sourceTree = "<group>"; };
		9BD30B8415FD62E800774E41 /* SBJsonStreamParser.m */ = {isa = PBXFileReference; fileEncoding = 4; lastKnownFileType = sourcecode.c.objc; path = SBJsonStreamParser.m; sourceTree = "<group>"; };
		9BD30B8515FD62E800774E41 /* SBJsonStreamParserAccumulator.h */ = {isa = PBXFileReference; fileEncoding = 4; lastKnownFileType = sourcecode.c.h; path = SBJsonStreamParserAccumulator.h; sourceTree = "<group>"; };
		9BD30B8615FD62E800774E41 /* SBJsonStreamParserAccumulator.m */ = {isa = PBXFileReference; fileEncoding = 4; lastKnownFileType = sourcecode.c.objc; path = SBJsonStreamParserAccumulator.m; sourceTree = "<group>"; };
		9BD30B8715FD62E800774E41 /* SBJsonStreamParserAdapter.h */ = {isa = PBXFileReference; fileEncoding = 4; lastKnownFileType = sourcecode.c.h; path = SBJsonStreamParserAdapter.h; sourceTree = "<group>"; };
		9BD30B8815FD62E800774E41 /* SBJsonStreamParserAdapter.m */ = {isa = PBXFileReference; fileEncoding = 4; lastKnownFileType = sourcecode.c.objc; path = SBJsonStreamParserAdapter.m; sourceTree = "<group>"; };
		9BD30B8915FD62E800774E41 /* SBJsonStreamParserState.h */ = {isa = PBXFileReference; fileEncoding = 4; lastKnownFileType = sourcecode.c.h; path = SBJsonStreamParserState.h; sourceTree = "<group>"; };
		9BD30B8A15FD62E800774E41 /* SBJsonStreamParserState.m */ = {isa = PBXFileReference; fileEncoding = 4; lastKnownFileType = sourcecode.c.objc; path = SBJsonStreamParserState.m; sourceTree = "<group>"; };
		9BD30B8B15FD62E800774E41 /* SBJsonStreamWriter.h */ = {isa = PBXFileReference; fileEncoding = 4; lastKnownFileType = sourcecode.c.h; path = SBJsonStreamWriter.h; sourceTree = "<group>"; };
		9BD30B8C15FD62E800774E41 /* SBJsonStreamWriter.m */ = {isa = PBXFileReference; fileEncoding = 4; lastKnownFileType = sourcecode.c.objc; path = SBJsonStreamWriter.m; sourceTree = "<group>"; };
		9BD30B8D15FD62E800774E41 /* SBJsonStreamWriterAccumulator.h */ = {isa = PBXFileReference; fileEncoding = 4; lastKnownFileType = sourcecode.c.h; path = SBJsonStreamWriterAccumulator.h; sourceTree = "<group>"; };
		9BD30B8E15FD62E800774E41 /* SBJsonStreamWriterAccumulator.m */ = {isa = PBXFileReference; fileEncoding = 4; lastKnownFileType = sourcecode.c.objc; path = SBJsonStreamWriterAccumulator.m; sourceTree = "<group>"; };
		9BD30B8F15FD62E800774E41 /* SBJsonStreamWriterState.h */ = {isa = PBXFileReference; fileEncoding = 4; lastKnownFileType = sourcecode.c.h; path = SBJsonStreamWriterState.h; sourceTree = "<group>"; };
		9BD30B9015FD62E800774E41 /* SBJsonStreamWriterState.m */ = {isa = PBXFileReference; fileEncoding = 4; lastKnownFileType = sourcecode.c.objc; path = SBJsonStreamWriterState.m; sourceTree = "<group>"; };
		9BD30B9115FD62E800774E41 /* SBJsonTokeniser.h */ = {isa = PBXFileReference; fileEncoding = 4; lastKnownFileType = sourcecode.c.h; path = SBJsonTokeniser.h; sourceTree = "<group>"; };
		9BD30B9215FD62E800774E41 /* SBJsonTokeniser.m */ = {isa = PBXFileReference; fileEncoding = 4; lastKnownFileType = sourcecode.c.objc; path = SBJsonTokeniser.m; sourceTree = "<group>"; };
		9BD30B9315FD62E800774E41 /* SBJsonUTF8Stream.h */ = {isa = PBXFileReference; fileEncoding = 4; lastKnownFileType = sourcecode.c.h; path = SBJsonUTF8Stream.h; sourceTree = "<group>"; };
		9BD30B9415FD62E800774E41 /* SBJsonUTF8Stream.m */ = {isa = PBXFileReference; fileEncoding = 4; lastKnownFileType = sourcecode.c.objc; path = SBJsonUTF8Stream.m; sourceTree = "<group>"; };
		9BD30B9515FD62E800774E41 /* SBJsonWriter.h */ = {isa = PBXFileReference; fileEncoding = 4; lastKnownFileType = sourcecode.c.h; path = SBJsonWriter.h; sourceTree = "<group>"; };
		9BD30B9615FD62E800774E41 /* SBJsonWriter.m */ = {isa = PBXFileReference; fileEncoding = 4; lastKnownFileType = sourcecode.c.objc; path = SBJsonWriter.m; sourceTree = "<group>"; };
		9BD30BA715FE5E8C00774E41 /* DetailViewController.h */ = {isa = PBXFileReference; fileEncoding = 4; lastKnownFileType = sourcecode.c.h; path = DetailViewController.h; sourceTree = "<group>"; };
		9BD30BA815FE5E8C00774E41 /* DetailViewController.m */ = {isa = PBXFileReference; fileEncoding = 4; lastKnownFileType = sourcecode.c.objc; path = DetailViewController.m; sourceTree = "<group>"; };
/* End PBXFileReference section */

/* Begin PBXFrameworksBuildPhase section */
		9B61053715EE58DA00192E0A /* Frameworks */ = {
			isa = PBXFrameworksBuildPhase;
			buildActionMask = 2147483647;
			files = (
				9B86FD4915F6C5D600D936D1 /* QuartzCore.framework in Frameworks */,
				9B86FD2515F6B85B00D936D1 /* Security.framework in Frameworks */,
				9B29E8A115F4B52700D62EA9 /* libz.dylib in Frameworks */,
				9B29E89F15F4B50300D62EA9 /* MobileCoreServices.framework in Frameworks */,
				9B29E89D15F4B4FC00D62EA9 /* SystemConfiguration.framework in Frameworks */,
				9B29E89B15F4B4EE00D62EA9 /* CFNetwork.framework in Frameworks */,
				9B3D880715F02587003441DA /* MapKit.framework in Frameworks */,
				9B61053F15EE58DA00192E0A /* UIKit.framework in Frameworks */,
				9B61054115EE58DA00192E0A /* Foundation.framework in Frameworks */,
				9B61054315EE58DA00192E0A /* CoreGraphics.framework in Frameworks */,
			);
			runOnlyForDeploymentPostprocessing = 0;
		};
		9B61056515EE58DB00192E0A /* Frameworks */ = {
			isa = PBXFrameworksBuildPhase;
			buildActionMask = 2147483647;
			files = (
				9B61056B15EE58DB00192E0A /* SenTestingKit.framework in Frameworks */,
				9B61056C15EE58DB00192E0A /* UIKit.framework in Frameworks */,
				9B61056D15EE58DB00192E0A /* Foundation.framework in Frameworks */,
			);
			runOnlyForDeploymentPostprocessing = 0;
		};
/* End PBXFrameworksBuildPhase section */

/* Begin PBXGroup section */
		9B29E87915F4B1AE00D62EA9 /* Third Party */ = {
			isa = PBXGroup;
			children = (
				9BD30B7D15FD62E800774E41 /* SBJSON */,
				9B29E8B315F4B9D300D62EA9 /* MKNetworkKit */,
			);
			name = "Third Party";
			sourceTree = "<group>";
		};
		9B29E8B315F4B9D300D62EA9 /* MKNetworkKit */ = {
			isa = PBXGroup;
			children = (
				9B29E8B415F4B9D300D62EA9 /* Categories */,
				9B29E8C115F4B9D300D62EA9 /* MKNetworkEngine.h */,
				9B29E8C215F4B9D300D62EA9 /* MKNetworkEngine.m */,
				9B29E8C315F4B9D300D62EA9 /* MKNetworkKit.h */,
				9B29E8C415F4B9D300D62EA9 /* MKNetworkOperation.h */,
				9B29E8C515F4B9D300D62EA9 /* MKNetworkOperation.m */,
				9B29E8C615F4B9D300D62EA9 /* Reachability */,
			);
			path = MKNetworkKit;
			sourceTree = "<group>";
		};
		9B29E8B415F4B9D300D62EA9 /* Categories */ = {
			isa = PBXGroup;
			children = (
				9B29E8B715F4B9D300D62EA9 /* NSData+Base64.h */,
				9B29E8B815F4B9D300D62EA9 /* NSData+Base64.m */,
				9B29E8B915F4B9D300D62EA9 /* NSDate+RFC1123.h */,
				9B29E8BA15F4B9D300D62EA9 /* NSDate+RFC1123.m */,
				9B29E8BB15F4B9D300D62EA9 /* NSDictionary+RequestEncoding.h */,
				9B29E8BC15F4B9D300D62EA9 /* NSDictionary+RequestEncoding.m */,
				9B29E8BD15F4B9D300D62EA9 /* NSString+MKNetworkKitAdditions.h */,
				9B29E8BE15F4B9D300D62EA9 /* NSString+MKNetworkKitAdditions.m */,
				9B29E8BF15F4B9D300D62EA9 /* UIAlertView+MKNetworkKitAdditions.h */,
				9B29E8C015F4B9D300D62EA9 /* UIAlertView+MKNetworkKitAdditions.m */,
			);
			path = Categories;
			sourceTree = "<group>";
		};
		9B29E8C615F4B9D300D62EA9 /* Reachability */ = {
			isa = PBXGroup;
			children = (
				9B29E8C715F4B9D300D62EA9 /* Reachability.h */,
				9B29E8C815F4B9D300D62EA9 /* Reachability.m */,
			);
			path = Reachability;
			sourceTree = "<group>";
		};
		9B61052F15EE58DA00192E0A = {
			isa = PBXGroup;
			children = (
				9B86FD4815F6C5D600D936D1 /* QuartzCore.framework */,
				9B86FD2415F6B85B00D936D1 /* Security.framework */,
				9B29E8A015F4B52700D62EA9 /* libz.dylib */,
				9B29E89E15F4B50300D62EA9 /* MobileCoreServices.framework */,
				9B29E89C15F4B4FC00D62EA9 /* SystemConfiguration.framework */,
				9B29E89A15F4B4EE00D62EA9 /* CFNetwork.framework */,
				9B61054415EE58DA00192E0A /* VenturaCountyLife */,
				9B61057015EE58DB00192E0A /* VenturaCountyLifeTests */,
				9B61053D15EE58DA00192E0A /* Frameworks */,
				9B61053B15EE58DA00192E0A /* Products */,
			);
			sourceTree = "<group>";
		};
		9B61053B15EE58DA00192E0A /* Products */ = {
			isa = PBXGroup;
			children = (
				9B61053A15EE58DA00192E0A /* VenturaCountyLife.app */,
				9B61056915EE58DB00192E0A /* VenturaCountyLifeTests.octest */,
			);
			name = Products;
			sourceTree = "<group>";
		};
		9B61053D15EE58DA00192E0A /* Frameworks */ = {
			isa = PBXGroup;
			children = (
				9B3D880615F02587003441DA /* MapKit.framework */,
				9B61053E15EE58DA00192E0A /* UIKit.framework */,
				9B61054015EE58DA00192E0A /* Foundation.framework */,
				9B61054215EE58DA00192E0A /* CoreGraphics.framework */,
				9B61056A15EE58DB00192E0A /* SenTestingKit.framework */,
			);
			name = Frameworks;
			sourceTree = "<group>";
		};
		9B61054415EE58DA00192E0A /* VenturaCountyLife */ = {
			isa = PBXGroup;
			children = (
				9B29E87915F4B1AE00D62EA9 /* Third Party */,
				9B61058715EE5DBB00192E0A /* Main Files */,
				9B61058615EE5DA500192E0A /* View Controllers */,
				9B61054515EE58DA00192E0A /* Supporting Files */,
			);
			path = VenturaCountyLife;
			sourceTree = "<group>";
		};
		9B61054515EE58DA00192E0A /* Supporting Files */ = {
			isa = PBXGroup;
			children = (
				9B3D87FF15F01672003441DA /* 83-calendar.png */,
				9B3D87FD15F0165A003441DA /* 85-trophy.png */,
				9B3D87FA15F01545003441DA /* 06-magnify.png */,
				9B3D880115F0168E003441DA /* 74-location.png */,
				9B61055915EE58DB00192E0A /* first.png */,
				9B61055B15EE58DB00192E0A /* first@2x.png */,
				9B61056015EE58DB00192E0A /* second.png */,
				9B61056215EE58DB00192E0A /* second@2x.png */,
				9B61054615EE58DA00192E0A /* VenturaCountyLife-Info.plist */,
				9B61054715EE58DA00192E0A /* InfoPlist.strings */,
				9B61054A15EE58DA00192E0A /* main.m */,
				9B61054C15EE58DA00192E0A /* VenturaCountyLife-Prefix.pch */,
			);
			name = "Supporting Files";
			sourceTree = "<group>";
		};
		9B61057015EE58DB00192E0A /* VenturaCountyLifeTests */ = {
			isa = PBXGroup;
			children = (
				9B61057615EE58DB00192E0A /* VenturaCountyLifeTests.h */,
				9B61057715EE58DB00192E0A /* VenturaCountyLifeTests.m */,
				9B61057115EE58DB00192E0A /* Supporting Files */,
			);
			path = VenturaCountyLifeTests;
			sourceTree = "<group>";
		};
		9B61057115EE58DB00192E0A /* Supporting Files */ = {
			isa = PBXGroup;
			children = (
				9B61057215EE58DB00192E0A /* VenturaCountyLifeTests-Info.plist */,
				9B61057315EE58DB00192E0A /* InfoPlist.strings */,
			);
			name = "Supporting Files";
			sourceTree = "<group>";
		};
		9B61058615EE5DA500192E0A /* View Controllers */ = {
			isa = PBXGroup;
			children = (
				9B61055615EE58DB00192E0A /* FirstViewController.h */,
				9B61055715EE58DB00192E0A /* FirstViewController.m */,
				9B61055D15EE58DB00192E0A /* SecondViewController.h */,
				9B61055E15EE58DB00192E0A /* SecondViewController.m */,
				9B61058115EE5D8E00192E0A /* FeaturedNib.h */,
				9B61058215EE5D8E00192E0A /* FeaturedNib.m */,
				9B3D880315F016BF003441DA /* LocationNib.h */,
				9B3D880415F016BF003441DA /* LocationNib.m */,
				9B29E86A15F4AA3900D62EA9 /* AreaNib.h */,
				9B29E86B15F4AA3900D62EA9 /* AreaNib.m */,
				9B29E87515F4AF2D00D62EA9 /* AreaTableCell.h */,
				9B29E87615F4AF2D00D62EA9 /* AreaTableCell.m */,
				9BD30BA715FE5E8C00774E41 /* DetailViewController.h */,
				9BD30BA815FE5E8C00774E41 /* DetailViewController.m */,
			);
			name = "View Controllers";
			sourceTree = "<group>";
		};
		9B61058715EE5DBB00192E0A /* Main Files */ = {
			isa = PBXGroup;
			children = (
				9B61055015EE58DB00192E0A /* MainStoryboard_iPhone.storyboard */,
				9B61055315EE58DB00192E0A /* MainStoryboard_iPad.storyboard */,
				9B61054D15EE58DA00192E0A /* AppDelegate.h */,
				9B61054E15EE58DA00192E0A /* AppDelegate.m */,
			);
			name = "Main Files";
			sourceTree = "<group>";
		};
		9BD30B7D15FD62E800774E41 /* SBJSON */ = {
			isa = PBXGroup;
			children = (
				9BD30B7E15FD62E800774E41 /* NSObject+SBJson.h */,
				9BD30B7F15FD62E800774E41 /* NSObject+SBJson.m */,
				9BD30B8015FD62E800774E41 /* SBJson.h */,
				9BD30B8115FD62E800774E41 /* SBJsonParser.h */,
				9BD30B8215FD62E800774E41 /* SBJsonParser.m */,
				9BD30B8315FD62E800774E41 /* SBJsonStreamParser.h */,
				9BD30B8415FD62E800774E41 /* SBJsonStreamParser.m */,
				9BD30B8515FD62E800774E41 /* SBJsonStreamParserAccumulator.h */,
				9BD30B8615FD62E800774E41 /* SBJsonStreamParserAccumulator.m */,
				9BD30B8715FD62E800774E41 /* SBJsonStreamParserAdapter.h */,
				9BD30B8815FD62E800774E41 /* SBJsonStreamParserAdapter.m */,
				9BD30B8915FD62E800774E41 /* SBJsonStreamParserState.h */,
				9BD30B8A15FD62E800774E41 /* SBJsonStreamParserState.m */,
				9BD30B8B15FD62E800774E41 /* SBJsonStreamWriter.h */,
				9BD30B8C15FD62E800774E41 /* SBJsonStreamWriter.m */,
				9BD30B8D15FD62E800774E41 /* SBJsonStreamWriterAccumulator.h */,
				9BD30B8E15FD62E800774E41 /* SBJsonStreamWriterAccumulator.m */,
				9BD30B8F15FD62E800774E41 /* SBJsonStreamWriterState.h */,
				9BD30B9015FD62E800774E41 /* SBJsonStreamWriterState.m */,
				9BD30B9115FD62E800774E41 /* SBJsonTokeniser.h */,
				9BD30B9215FD62E800774E41 /* SBJsonTokeniser.m */,
				9BD30B9315FD62E800774E41 /* SBJsonUTF8Stream.h */,
				9BD30B9415FD62E800774E41 /* SBJsonUTF8Stream.m */,
				9BD30B9515FD62E800774E41 /* SBJsonWriter.h */,
				9BD30B9615FD62E800774E41 /* SBJsonWriter.m */,
			);
			path = SBJSON;
			sourceTree = "<group>";
		};
/* End PBXGroup section */

/* Begin PBXNativeTarget section */
		9B61053915EE58DA00192E0A /* VenturaCountyLife */ = {
			isa = PBXNativeTarget;
			buildConfigurationList = 9B61057B15EE58DB00192E0A /* Build configuration list for PBXNativeTarget "VenturaCountyLife" */;
			buildPhases = (
				9B61053615EE58DA00192E0A /* Sources */,
				9B61053715EE58DA00192E0A /* Frameworks */,
				9B61053815EE58DA00192E0A /* Resources */,
			);
			buildRules = (
			);
			dependencies = (
			);
			name = VenturaCountyLife;
			productName = VenturaCountyLife;
			productReference = 9B61053A15EE58DA00192E0A /* VenturaCountyLife.app */;
			productType = "com.apple.product-type.application";
		};
		9B61056815EE58DB00192E0A /* VenturaCountyLifeTests */ = {
			isa = PBXNativeTarget;
			buildConfigurationList = 9B61057E15EE58DB00192E0A /* Build configuration list for PBXNativeTarget "VenturaCountyLifeTests" */;
			buildPhases = (
				9B61056415EE58DB00192E0A /* Sources */,
				9B61056515EE58DB00192E0A /* Frameworks */,
				9B61056615EE58DB00192E0A /* Resources */,
				9B61056715EE58DB00192E0A /* ShellScript */,
			);
			buildRules = (
			);
			dependencies = (
				9B61056F15EE58DB00192E0A /* PBXTargetDependency */,
			);
			name = VenturaCountyLifeTests;
			productName = VenturaCountyLifeTests;
			productReference = 9B61056915EE58DB00192E0A /* VenturaCountyLifeTests.octest */;
			productType = "com.apple.product-type.bundle";
		};
/* End PBXNativeTarget section */

/* Begin PBXProject section */
		9B61053115EE58DA00192E0A /* Project object */ = {
			isa = PBXProject;
			attributes = {
				LastUpgradeCheck = 0440;
				ORGANIZATIONNAME = LeviMac;
			};
			buildConfigurationList = 9B61053415EE58DA00192E0A /* Build configuration list for PBXProject "VenturaCountyLife" */;
			compatibilityVersion = "Xcode 3.2";
			developmentRegion = English;
			hasScannedForEncodings = 0;
			knownRegions = (
				en,
			);
			mainGroup = 9B61052F15EE58DA00192E0A;
			productRefGroup = 9B61053B15EE58DA00192E0A /* Products */;
			projectDirPath = "";
			projectRoot = "";
			targets = (
				9B61053915EE58DA00192E0A /* VenturaCountyLife */,
				9B61056815EE58DB00192E0A /* VenturaCountyLifeTests */,
			);
		};
/* End PBXProject section */

/* Begin PBXResourcesBuildPhase section */
		9B61053815EE58DA00192E0A /* Resources */ = {
			isa = PBXResourcesBuildPhase;
			buildActionMask = 2147483647;
			files = (
				9B61054915EE58DA00192E0A /* InfoPlist.strings in Resources */,
				9B61055215EE58DB00192E0A /* MainStoryboard_iPhone.storyboard in Resources */,
				9B61055515EE58DB00192E0A /* MainStoryboard_iPad.storyboard in Resources */,
				9B61055A15EE58DB00192E0A /* first.png in Resources */,
				9B61055C15EE58DB00192E0A /* first@2x.png in Resources */,
				9B61056115EE58DB00192E0A /* second.png in Resources */,
				9B61056315EE58DB00192E0A /* second@2x.png in Resources */,
				9B3D87FB15F01545003441DA /* 06-magnify.png in Resources */,
				9B3D87FE15F0165A003441DA /* 85-trophy.png in Resources */,
				9B3D880015F01672003441DA /* 83-calendar.png in Resources */,
				9B3D880215F0168E003441DA /* 74-location.png in Resources */,
			);
			runOnlyForDeploymentPostprocessing = 0;
		};
		9B61056615EE58DB00192E0A /* Resources */ = {
			isa = PBXResourcesBuildPhase;
			buildActionMask = 2147483647;
			files = (
				9B61057515EE58DB00192E0A /* InfoPlist.strings in Resources */,
			);
			runOnlyForDeploymentPostprocessing = 0;
		};
/* End PBXResourcesBuildPhase section */

/* Begin PBXShellScriptBuildPhase section */
		9B61056715EE58DB00192E0A /* ShellScript */ = {
			isa = PBXShellScriptBuildPhase;
			buildActionMask = 2147483647;
			files = (
			);
			inputPaths = (
			);
			outputPaths = (
			);
			runOnlyForDeploymentPostprocessing = 0;
			shellPath = /bin/sh;
			shellScript = "# Run the unit tests in this test bundle.\n\"${SYSTEM_DEVELOPER_DIR}/Tools/RunUnitTests\"\n";
		};
/* End PBXShellScriptBuildPhase section */

/* Begin PBXSourcesBuildPhase section */
		9B61053615EE58DA00192E0A /* Sources */ = {
			isa = PBXSourcesBuildPhase;
			buildActionMask = 2147483647;
			files = (
				9B61054B15EE58DA00192E0A /* main.m in Sources */,
				9B61054F15EE58DA00192E0A /* AppDelegate.m in Sources */,
				9B61055815EE58DB00192E0A /* FirstViewController.m in Sources */,
				9B61055F15EE58DB00192E0A /* SecondViewController.m in Sources */,
				9B61058415EE5D8E00192E0A /* FeaturedNib.m in Sources */,
				9B3D880515F016BF003441DA /* LocationNib.m in Sources */,
				9B29E86C15F4AA3900D62EA9 /* AreaNib.m in Sources */,
				9B29E87715F4AF2D00D62EA9 /* AreaTableCell.m in Sources */,
				9B29E8CA15F4B9D300D62EA9 /* NSData+Base64.m in Sources */,
				9B29E8CB15F4B9D300D62EA9 /* NSDate+RFC1123.m in Sources */,
				9B29E8CC15F4B9D300D62EA9 /* NSDictionary+RequestEncoding.m in Sources */,
				9B29E8CD15F4B9D300D62EA9 /* NSString+MKNetworkKitAdditions.m in Sources */,
				9B29E8CE15F4B9D300D62EA9 /* UIAlertView+MKNetworkKitAdditions.m in Sources */,
				9B29E8CF15F4B9D300D62EA9 /* MKNetworkEngine.m in Sources */,
				9B29E8D015F4B9D300D62EA9 /* MKNetworkOperation.m in Sources */,
				9B29E8D115F4B9D300D62EA9 /* Reachability.m in Sources */,
				9BD30B9715FD62E800774E41 /* NSObject+SBJson.m in Sources */,
				9BD30B9815FD62E800774E41 /* SBJsonParser.m in Sources */,
				9BD30B9915FD62E800774E41 /* SBJsonStreamParser.m in Sources */,
				9BD30B9A15FD62E800774E41 /* SBJsonStreamParserAccumulator.m in Sources */,
				9BD30B9B15FD62E800774E41 /* SBJsonStreamParserAdapter.m in Sources */,
				9BD30B9C15FD62E800774E41 /* SBJsonStreamParserState.m in Sources */,
				9BD30B9D15FD62E800774E41 /* SBJsonStreamWriter.m in Sources */,
				9BD30B9E15FD62E800774E41 /* SBJsonStreamWriterAccumulator.m in Sources */,
				9BD30B9F15FD62E800774E41 /* SBJsonStreamWriterState.m in Sources */,
				9BD30BA015FD62E800774E41 /* SBJsonTokeniser.m in Sources */,
				9BD30BA115FD62E800774E41 /* SBJsonUTF8Stream.m in Sources */,
				9BD30BA215FD62E800774E41 /* SBJsonWriter.m in Sources */,
				9BD30BA915FE5E8C00774E41 /* DetailViewController.m in Sources */,
			);
			runOnlyForDeploymentPostprocessing = 0;
		};
		9B61056415EE58DB00192E0A /* Sources */ = {
			isa = PBXSourcesBuildPhase;
			buildActionMask = 2147483647;
			files = (
				9B61057815EE58DB00192E0A /* VenturaCountyLifeTests.m in Sources */,
			);
			runOnlyForDeploymentPostprocessing = 0;
		};
/* End PBXSourcesBuildPhase section */

/* Begin PBXTargetDependency section */
		9B61056F15EE58DB00192E0A /* PBXTargetDependency */ = {
			isa = PBXTargetDependency;
			target = 9B61053915EE58DA00192E0A /* VenturaCountyLife */;
			targetProxy = 9B61056E15EE58DB00192E0A /* PBXContainerItemProxy */;
		};
/* End PBXTargetDependency section */

/* Begin PBXVariantGroup section */
		9B61054715EE58DA00192E0A /* InfoPlist.strings */ = {
			isa = PBXVariantGroup;
			children = (
				9B61054815EE58DA00192E0A /* en */,
			);
			name = InfoPlist.strings;
			sourceTree = "<group>";
		};
		9B61055015EE58DB00192E0A /* MainStoryboard_iPhone.storyboard */ = {
			isa = PBXVariantGroup;
			children = (
				9B61055115EE58DB00192E0A /* en */,
			);
			name = MainStoryboard_iPhone.storyboard;
			sourceTree = "<group>";
		};
		9B61055315EE58DB00192E0A /* MainStoryboard_iPad.storyboard */ = {
			isa = PBXVariantGroup;
			children = (
				9B61055415EE58DB00192E0A /* en */,
			);
			name = MainStoryboard_iPad.storyboard;
			sourceTree = "<group>";
		};
		9B61057315EE58DB00192E0A /* InfoPlist.strings */ = {
			isa = PBXVariantGroup;
			children = (
				9B61057415EE58DB00192E0A /* en */,
			);
			name = InfoPlist.strings;
			sourceTree = "<group>";
		};
/* End PBXVariantGroup section */

/* Begin XCBuildConfiguration section */
		9B61057915EE58DB00192E0A /* Debug */ = {
			isa = XCBuildConfiguration;
			buildSettings = {
				ALWAYS_SEARCH_USER_PATHS = NO;
				ARCHS = "$(ARCHS_STANDARD_32_BIT)";
				CLANG_CXX_LANGUAGE_STANDARD = "gnu++0x";
				CLANG_ENABLE_OBJC_ARC = YES;
				CLANG_WARN__DUPLICATE_METHOD_MATCH = YES;
				CODE_SIGN_IDENTITY = "iPhone Developer";
				"CODE_SIGN_IDENTITY[sdk=iphoneos*]" = "iPhone Developer";
				COPY_PHASE_STRIP = NO;
				GCC_C_LANGUAGE_STANDARD = gnu99;
				GCC_DYNAMIC_NO_PIC = NO;
				GCC_OPTIMIZATION_LEVEL = 0;
				GCC_PREPROCESSOR_DEFINITIONS = (
					"DEBUG=1",
					"$(inherited)",
				);
				GCC_SYMBOLS_PRIVATE_EXTERN = NO;
				GCC_VERSION = com.apple.compilers.llvm.clang.1_0;
				GCC_WARN_ABOUT_RETURN_TYPE = YES;
				GCC_WARN_UNINITIALIZED_AUTOS = YES;
				GCC_WARN_UNUSED_VARIABLE = YES;
				IPHONEOS_DEPLOYMENT_TARGET = 5.1;
				PROVISIONING_PROFILE = "";
				SDKROOT = iphoneos;
				TARGETED_DEVICE_FAMILY = "1,2";
			};
			name = Debug;
		};
		9B61057A15EE58DB00192E0A /* Release */ = {
			isa = XCBuildConfiguration;
			buildSettings = {
				ALWAYS_SEARCH_USER_PATHS = NO;
				ARCHS = "$(ARCHS_STANDARD_32_BIT)";
				CLANG_CXX_LANGUAGE_STANDARD = "gnu++0x";
				CLANG_ENABLE_OBJC_ARC = YES;
				CLANG_WARN__DUPLICATE_METHOD_MATCH = YES;
				CODE_SIGN_IDENTITY = "iPhone Developer";
				"CODE_SIGN_IDENTITY[sdk=iphoneos*]" = "iPhone Developer";
				COPY_PHASE_STRIP = YES;
				GCC_C_LANGUAGE_STANDARD = gnu99;
				GCC_VERSION = com.apple.compilers.llvm.clang.1_0;
				GCC_WARN_ABOUT_RETURN_TYPE = YES;
				GCC_WARN_UNINITIALIZED_AUTOS = YES;
				GCC_WARN_UNUSED_VARIABLE = YES;
				IPHONEOS_DEPLOYMENT_TARGET = 5.1;
				OTHER_CFLAGS = "-DNS_BLOCK_ASSERTIONS=1";
				PROVISIONING_PROFILE = "";
				SDKROOT = iphoneos;
				TARGETED_DEVICE_FAMILY = "1,2";
				VALIDATE_PRODUCT = YES;
			};
			name = Release;
		};
		9B61057C15EE58DB00192E0A /* Debug */ = {
			isa = XCBuildConfiguration;
			buildSettings = {
				GCC_PRECOMPILE_PREFIX_HEADER = YES;
				GCC_PREFIX_HEADER = "VenturaCountyLife/VenturaCountyLife-Prefix.pch";
				HEADER_SEARCH_PATHS = /;
				INFOPLIST_FILE = "VenturaCountyLife/VenturaCountyLife-Info.plist";
				PRODUCT_NAME = "$(TARGET_NAME)";
				WRAPPER_EXTENSION = app;
			};
			name = Debug;
		};
		9B61057D15EE58DB00192E0A /* Release */ = {
			isa = XCBuildConfiguration;
			buildSettings = {
				GCC_PRECOMPILE_PREFIX_HEADER = YES;
				GCC_PREFIX_HEADER = "VenturaCountyLife/VenturaCountyLife-Prefix.pch";
				HEADER_SEARCH_PATHS = /;
				INFOPLIST_FILE = "VenturaCountyLife/VenturaCountyLife-Info.plist";
				PRODUCT_NAME = "$(TARGET_NAME)";
				WRAPPER_EXTENSION = app;
			};
			name = Release;
		};
		9B61057F15EE58DB00192E0A /* Debug */ = {
			isa = XCBuildConfiguration;
			buildSettings = {
				BUNDLE_LOADER = "$(BUILT_PRODUCTS_DIR)/VenturaCountyLife.app/VenturaCountyLife";
				FRAMEWORK_SEARCH_PATHS = (
					"\"$(SDKROOT)/Developer/Library/Frameworks\"",
					"\"$(DEVELOPER_LIBRARY_DIR)/Frameworks\"",
				);
				GCC_PRECOMPILE_PREFIX_HEADER = YES;
				GCC_PREFIX_HEADER = "VenturaCountyLife/VenturaCountyLife-Prefix.pch";
				INFOPLIST_FILE = "VenturaCountyLifeTests/VenturaCountyLifeTests-Info.plist";
				PRODUCT_NAME = "$(TARGET_NAME)";
				TEST_HOST = "$(BUNDLE_LOADER)";
				WRAPPER_EXTENSION = octest;
			};
			name = Debug;
		};
		9B61058015EE58DB00192E0A /* Release */ = {
			isa = XCBuildConfiguration;
			buildSettings = {
				BUNDLE_LOADER = "$(BUILT_PRODUCTS_DIR)/VenturaCountyLife.app/VenturaCountyLife";
				FRAMEWORK_SEARCH_PATHS = (
					"\"$(SDKROOT)/Developer/Library/Frameworks\"",
					"\"$(DEVELOPER_LIBRARY_DIR)/Frameworks\"",
				);
				GCC_PRECOMPILE_PREFIX_HEADER = YES;
				GCC_PREFIX_HEADER = "VenturaCountyLife/VenturaCountyLife-Prefix.pch";
				INFOPLIST_FILE = "VenturaCountyLifeTests/VenturaCountyLifeTests-Info.plist";
				PRODUCT_NAME = "$(TARGET_NAME)";
				TEST_HOST = "$(BUNDLE_LOADER)";
				WRAPPER_EXTENSION = octest;
			};
			name = Release;
		};
/* End XCBuildConfiguration section */

/* Begin XCConfigurationList section */
		9B61053415EE58DA00192E0A /* Build configuration list for PBXProject "VenturaCountyLife" */ = {
			isa = XCConfigurationList;
			buildConfigurations = (
				9B61057915EE58DB00192E0A /* Debug */,
				9B61057A15EE58DB00192E0A /* Release */,
			);
			defaultConfigurationIsVisible = 0;
			defaultConfigurationName = Release;
		};
		9B61057B15EE58DB00192E0A /* Build configuration list for PBXNativeTarget "VenturaCountyLife" */ = {
			isa = XCConfigurationList;
			buildConfigurations = (
				9B61057C15EE58DB00192E0A /* Debug */,
				9B61057D15EE58DB00192E0A /* Release */,
			);
			defaultConfigurationIsVisible = 0;
			defaultConfigurationName = Release;
		};
		9B61057E15EE58DB00192E0A /* Build configuration list for PBXNativeTarget "VenturaCountyLifeTests" */ = {
			isa = XCConfigurationList;
			buildConfigurations = (
				9B61057F15EE58DB00192E0A /* Debug */,
				9B61058015EE58DB00192E0A /* Release */,
			);
			defaultConfigurationIsVisible = 0;
			defaultConfigurationName = Release;
		};
/* End XCConfigurationList section */
	};
	rootObject = 9B61053115EE58DA00192E0A /* Project object */;
}
